
Microsoft Visual Studio Solution File, Format Version 12.00
# Visual Studio Version 16
VisualStudioVersion = 16.0.30114.105
MinimumVisualStudioVersion = 10.0.40219.1
Project("{2150E333-8FDC-42A3-9474-1A3956D46DE8}") = "common", "common", "{2A3F523F-D346-4737-B206-EABAB68A0BD5}"
ProjectSection(SolutionItems) = preProject
	README.md = README.md
	.gitignore = .gitignore
	dockerfile = dockerfile
EndProjectSection
EndProject
Project("{2150E333-8FDC-42A3-9474-1A3956D46DE8}") = "src", "src", "{486077C9-A87B-4605-8886-07D07B42974A}"
EndProject
Project("{2150E333-8FDC-42A3-9474-1A3956D46DE8}") = "tests", "tests", "{755392A4-CBD5-47B6-8AAD-AB3DA657C79C}"
EndProject
Project("{FAE04EC0-301F-11D3-BF4B-00C04F79EFBC}") = "MerchandiseService", "src\MerchandiseService\MerchandiseService.csproj", "{F74E612C-0320-4EAD-A254-0DFB3E4AF79C}"
EndProject
Project("{2150E333-8FDC-42A3-9474-1A3956D46DE8}") = "deploy", "deploy", "{8C028550-CB54-40A2-9392-D616E0408559}"
ProjectSection(SolutionItems) = preProject
	docker-compose.yml = docker-compose.yml
EndProjectSection
EndProject
Project("{FAE04EC0-301F-11D3-BF4B-00C04F79EFBC}") = "MerchandiseService.HttpModels", "src\MerchandiseService.HttpModels\MerchandiseService.HttpModels.csproj", "{09569557-052F-42D8-896A-E14BB81B7D16}"
EndProject
Project("{FAE04EC0-301F-11D3-BF4B-00C04F79EFBC}") = "MerchandiseService.HttpClients", "src\MerchandiseService.HttpClients\MerchandiseService.HttpClients.csproj", "{5D8F626E-D283-4FE3-880A-BB06DEF576CE}"
EndProject
Project("{FAE04EC0-301F-11D3-BF4B-00C04F79EFBC}") = "MerchandiseService.Grpc", "src\MerchandiseService.Grpc\MerchandiseService.Grpc.csproj", "{F6B01BCE-9C4F-4FBD-8E11-86D7E620388D}"
EndProject
Global
	GlobalSection(SolutionConfigurationPlatforms) = preSolution
		Debug|Any CPU = Debug|Any CPU
		Debug|x64 = Debug|x64
		Debug|x86 = Debug|x86
		Release|Any CPU = Release|Any CPU
		Release|x64 = Release|x64
		Release|x86 = Release|x86
	EndGlobalSection
	GlobalSection(SolutionProperties) = preSolution
		HideSolutionNode = FALSE
	EndGlobalSection
	GlobalSection(NestedProjects) = preSolution
		{F74E612C-0320-4EAD-A254-0DFB3E4AF79C} = {486077C9-A87B-4605-8886-07D07B42974A}
		{09569557-052F-42D8-896A-E14BB81B7D16} = {486077C9-A87B-4605-8886-07D07B42974A}
		{5D8F626E-D283-4FE3-880A-BB06DEF576CE} = {486077C9-A87B-4605-8886-07D07B42974A}
		{F6B01BCE-9C4F-4FBD-8E11-86D7E620388D} = {486077C9-A87B-4605-8886-07D07B42974A}
	EndGlobalSection
	GlobalSection(ProjectConfigurationPlatforms) = postSolution
		{F74E612C-0320-4EAD-A254-0DFB3E4AF79C}.Debug|Any CPU.ActiveCfg = Debug|Any CPU
		{F74E612C-0320-4EAD-A254-0DFB3E4AF79C}.Debug|Any CPU.Build.0 = Debug|Any CPU
		{F74E612C-0320-4EAD-A254-0DFB3E4AF79C}.Debug|x64.ActiveCfg = Debug|Any CPU
		{F74E612C-0320-4EAD-A254-0DFB3E4AF79C}.Debug|x64.Build.0 = Debug|Any CPU
		{F74E612C-0320-4EAD-A254-0DFB3E4AF79C}.Debug|x86.ActiveCfg = Debug|Any CPU
		{F74E612C-0320-4EAD-A254-0DFB3E4AF79C}.Debug|x86.Build.0 = Debug|Any CPU
		{F74E612C-0320-4EAD-A254-0DFB3E4AF79C}.Release|Any CPU.ActiveCfg = Release|Any CPU
		{F74E612C-0320-4EAD-A254-0DFB3E4AF79C}.Release|Any CPU.Build.0 = Release|Any CPU
		{F74E612C-0320-4EAD-A254-0DFB3E4AF79C}.Release|x64.ActiveCfg = Release|Any CPU
		{F74E612C-0320-4EAD-A254-0DFB3E4AF79C}.Release|x64.Build.0 = Release|Any CPU
		{F74E612C-0320-4EAD-A254-0DFB3E4AF79C}.Release|x86.ActiveCfg = Release|Any CPU
		{F74E612C-0320-4EAD-A254-0DFB3E4AF79C}.Release|x86.Build.0 = Release|Any CPU
		{09569557-052F-42D8-896A-E14BB81B7D16}.Debug|Any CPU.ActiveCfg = Debug|Any CPU
		{09569557-052F-42D8-896A-E14BB81B7D16}.Debug|Any CPU.Build.0 = Debug|Any CPU
		{09569557-052F-42D8-896A-E14BB81B7D16}.Debug|x64.ActiveCfg = Debug|Any CPU
		{09569557-052F-42D8-896A-E14BB81B7D16}.Debug|x64.Build.0 = Debug|Any CPU
		{09569557-052F-42D8-896A-E14BB81B7D16}.Debug|x86.ActiveCfg = Debug|Any CPU
		{09569557-052F-42D8-896A-E14BB81B7D16}.Debug|x86.Build.0 = Debug|Any CPU
		{09569557-052F-42D8-896A-E14BB81B7D16}.Release|Any CPU.ActiveCfg = Release|Any CPU
		{09569557-052F-42D8-896A-E14BB81B7D16}.Release|Any CPU.Build.0 = Release|Any CPU
		{09569557-052F-42D8-896A-E14BB81B7D16}.Release|x64.ActiveCfg = Release|Any CPU
		{09569557-052F-42D8-896A-E14BB81B7D16}.Release|x64.Build.0 = Release|Any CPU
		{09569557-052F-42D8-896A-E14BB81B7D16}.Release|x86.ActiveCfg = Release|Any CPU
		{09569557-052F-42D8-896A-E14BB81B7D16}.Release|x86.Build.0 = Release|Any CPU
		{5D8F626E-D283-4FE3-880A-BB06DEF576CE}.Debug|Any CPU.ActiveCfg = Debug|Any CPU
		{5D8F626E-D283-4FE3-880A-BB06DEF576CE}.Debug|Any CPU.Build.0 = Debug|Any CPU
		{5D8F626E-D283-4FE3-880A-BB06DEF576CE}.Debug|x64.ActiveCfg = Debug|Any CPU
		{5D8F626E-D283-4FE3-880A-BB06DEF576CE}.Debug|x64.Build.0 = Debug|Any CPU
		{5D8F626E-D283-4FE3-880A-BB06DEF576CE}.Debug|x86.ActiveCfg = Debug|Any CPU
		{5D8F626E-D283-4FE3-880A-BB06DEF576CE}.Debug|x86.Build.0 = Debug|Any CPU
		{5D8F626E-D283-4FE3-880A-BB06DEF576CE}.Release|Any CPU.ActiveCfg = Release|Any CPU
		{5D8F626E-D283-4FE3-880A-BB06DEF576CE}.Release|Any CPU.Build.0 = Release|Any CPU
		{5D8F626E-D283-4FE3-880A-BB06DEF576CE}.Release|x64.ActiveCfg = Release|Any CPU
		{5D8F626E-D283-4FE3-880A-BB06DEF576CE}.Release|x64.Build.0 = Release|Any CPU
		{5D8F626E-D283-4FE3-880A-BB06DEF576CE}.Release|x86.ActiveCfg = Release|Any CPU
		{5D8F626E-D283-4FE3-880A-BB06DEF576CE}.Release|x86.Build.0 = Release|Any CPU
		{F6B01BCE-9C4F-4FBD-8E11-86D7E620388D}.Debug|Any CPU.ActiveCfg = Debug|Any CPU
		{F6B01BCE-9C4F-4FBD-8E11-86D7E620388D}.Debug|Any CPU.Build.0 = Debug|Any CPU
		{F6B01BCE-9C4F-4FBD-8E11-86D7E620388D}.Debug|x64.ActiveCfg = Debug|Any CPU
		{F6B01BCE-9C4F-4FBD-8E11-86D7E620388D}.Debug|x64.Build.0 = Debug|Any CPU
		{F6B01BCE-9C4F-4FBD-8E11-86D7E620388D}.Debug|x86.ActiveCfg = Debug|Any CPU
		{F6B01BCE-9C4F-4FBD-8E11-86D7E620388D}.Debug|x86.Build.0 = Debug|Any CPU
		{F6B01BCE-9C4F-4FBD-8E11-86D7E620388D}.Release|Any CPU.ActiveCfg = Release|Any CPU
		{F6B01BCE-9C4F-4FBD-8E11-86D7E620388D}.Release|Any CPU.Build.0 = Release|Any CPU
		{F6B01BCE-9C4F-4FBD-8E11-86D7E620388D}.Release|x64.ActiveCfg = Release|Any CPU
		{F6B01BCE-9C4F-4FBD-8E11-86D7E620388D}.Release|x64.Build.0 = Release|Any CPU
		{F6B01BCE-9C4F-4FBD-8E11-86D7E620388D}.Release|x86.ActiveCfg = Release|Any CPU
		{F6B01BCE-9C4F-4FBD-8E11-86D7E620388D}.Release|x86.Build.0 = Release|Any CPU
	EndGlobalSection
EndGlobal
