
Microsoft Visual Studio Solution File, Format Version 12.00
# Visual Studio Version 16
VisualStudioVersion = 16.0.30114.105
MinimumVisualStudioVersion = 10.0.40219.1
Project("{2150E333-8FDC-42A3-9474-1A3956D46DE8}") = "common", "common", "{2A3F523F-D346-4737-B206-EABAB68A0BD5}"
ProjectSection(SolutionItems) = preProject
	README.md = README.md
	.gitignore = .gitignore
EndProjectSection
EndProject
Project("{2150E333-8FDC-42A3-9474-1A3956D46DE8}") = "src", "src", "{486077C9-A87B-4605-8886-07D07B42974A}"
EndProject
Project("{2150E333-8FDC-42A3-9474-1A3956D46DE8}") = "tests", "tests", "{755392A4-CBD5-47B6-8AAD-AB3DA657C79C}"
EndProject
Project("{FAE04EC0-301F-11D3-BF4B-00C04F79EFBC}") = "merchandise-service", "src\merchandise-service\merchandise-service.csproj", "{F74E612C-0320-4EAD-A254-0DFB3E4AF79C}"
EndProject
Global
	GlobalSection(SolutionConfigurationPlatforms) = preSolution
		Debug|Any CPU = Debug|Any CPU
		Debug|x64 = Debug|x64
		Debug|x86 = Debug|x86
		Release|Any CPU = Release|Any CPU
		Release|x64 = Release|x64
		Release|x86 = Release|x86
	EndGlobalSection
	GlobalSection(SolutionProperties) = preSolution
		HideSolutionNode = FALSE
	EndGlobalSection
	GlobalSection(NestedProjects) = preSolution
		{F74E612C-0320-4EAD-A254-0DFB3E4AF79C} = {486077C9-A87B-4605-8886-07D07B42974A}
	EndGlobalSection
	GlobalSection(ProjectConfigurationPlatforms) = postSolution
		{F74E612C-0320-4EAD-A254-0DFB3E4AF79C}.Debug|Any CPU.ActiveCfg = Debug|Any CPU
		{F74E612C-0320-4EAD-A254-0DFB3E4AF79C}.Debug|Any CPU.Build.0 = Debug|Any CPU
		{F74E612C-0320-4EAD-A254-0DFB3E4AF79C}.Debug|x64.ActiveCfg = Debug|Any CPU
		{F74E612C-0320-4EAD-A254-0DFB3E4AF79C}.Debug|x64.Build.0 = Debug|Any CPU
		{F74E612C-0320-4EAD-A254-0DFB3E4AF79C}.Debug|x86.ActiveCfg = Debug|Any CPU
		{F74E612C-0320-4EAD-A254-0DFB3E4AF79C}.Debug|x86.Build.0 = Debug|Any CPU
		{F74E612C-0320-4EAD-A254-0DFB3E4AF79C}.Release|Any CPU.ActiveCfg = Release|Any CPU
		{F74E612C-0320-4EAD-A254-0DFB3E4AF79C}.Release|Any CPU.Build.0 = Release|Any CPU
		{F74E612C-0320-4EAD-A254-0DFB3E4AF79C}.Release|x64.ActiveCfg = Release|Any CPU
		{F74E612C-0320-4EAD-A254-0DFB3E4AF79C}.Release|x64.Build.0 = Release|Any CPU
		{F74E612C-0320-4EAD-A254-0DFB3E4AF79C}.Release|x86.ActiveCfg = Release|Any CPU
		{F74E612C-0320-4EAD-A254-0DFB3E4AF79C}.Release|x86.Build.0 = Release|Any CPU
	EndGlobalSection
EndGlobal
